github.com/gethugothemes/hugo-modules/accordion v0.0.0-20260413073804-f14a74af2674 h1:xM8Beff6QpZoqCCv2gLPlzxPp7Uw+inWMyXPa643Ja0=
github.com/gethugothemes/hugo-modules/accordion v0.0.0-20260413073804-f14a74af2674/go.mod h1:D4DpauKPDcUHI9CVKYmJeO6bkSJIhUN864TyXZ2o0VI=
github.com/gethugothemes/hugo-modules/adsense v0.0.0-20260413073804-f14a74af2674 h1:Vx5tDTdTS3OneHng9SPwHwaMmRYuVdc3XKCwRbkr11E=
github.com/gethugothemes/hugo-modules/adsense v0.0.0-20260413073804-f14a74af2674/go.mod h1:8p/gG/cyyu20z4q5cFN/JGE5TOFA55Xsp+aIP9KCsqo=
github.com/gethugothemes/hugo-modules/components/announcement v0.0.0-20260413073804-f14a74af2674 h1:QPAaj2IZHNmGnP8Z3MLVzpRYp0kuAkVXqnKAJx0pB3A=
github.com/gethugothemes/hugo-modules/components/announcement v0.0.0-20260413073804-f14a74af2674/go.mod h1:BO6vbFLvEgb45epi/QtUkQmTyqsWSwxIqTpwDvqJFHk=
github.com/gethugothemes/hugo-modules/components/cookie-consent v0.0.0-20260413073804-f14a74af2674 h1:3gMfeZ78K5L2xmxsxtELqOZUuvviV2yyIE3zFKJOrWg=
github.com/gethugothemes/hugo-modules/components/cookie-consent v0.0.0-20260413073804-f14a74af2674/go.mod h1:511ERLpGe3ZTfV2z/NAtUSR5NqKF26h9z5lU/zYV4YQ=
github.com/gethugothemes/hugo-modules/components/custom-script v0.0.0-20260413073804-f14a74af2674 h1:LfGnX5S/IWEMMM/XUy/G8OfgC8GEZhVis81C0auQucA=
github.com/gethugothemes/hugo-modules/components/custom-script v0.0.0-20260413073804-f14a74af2674/go.mod h1:RuDHq4WnK8sNEzAIJr4BZQ7oXhzcct/EKaAxc2Xvi9E=
github.com/gethugothemes/hugo-modules/components/preloader v0.0.0-20260413073804-f14a74af2674 h1:DNt6bTnEsOu6NNuqmprZjpBwE0gYg53FyIngbyNbatY=
github.com/gethugothemes/hugo-modules/components/preloader v0.0.0-20260413073804-f14a74af2674/go.mod h1:FP0iQ3tMOesuWFZhLst2KEvUEYPb5Jk1GW+QBP9lrwg=
github.com/gethugothemes/hugo-modules/components/render-link v0.0.0-20260413073804-f14a74af2674 h1:14KWgUdRwmmxjNV4zjNgv3O+QfAYNJnV9ixxz9w9X74=
github.com/gethugothemes/hugo-modules/components/render-link v0.0.0-20260413073804-f14a74af2674/go.mod h1:z3YcIeEBUonAoRDY1/Jv1ojNVkZ5ud35a0Nn8L4Inx0=
github.com/gethugothemes/hugo-modules/components/social-share v0.0.0-20260413073804-f14a74af2674 h1:PODDxpoBCh6txg39L+iGDzZqTg/ZBAWcuJb+i4V2H1k=
github.com/gethugothemes/hugo-modules/components/social-share v0.0.0-20260413073804-f14a74af2674/go.mod h1:Gcj4RM/EBECsJMZnPeWjfy/1roRYGqzV9GYNmeHkvFA=
github.com/gethugothemes/hugo-modules/gallery-slider v0.0.0-20260413073804-f14a74af2674 h1:kze/q6LnijtqbjFfbPhCKuUNkmAFjJyFmh2DH/SGMfk=
github.com/gethugothemes/hugo-modules/gallery-slider v0.0.0-20260413073804-f14a74af2674/go.mod h1:MvQ2js/ofZ22CTX5wuvE+dC0rMe6C5HAWL2fEOu/yzE=
github.com/gethugothemes/hugo-modules/gzip-caching v0.0.0-20260413073804-f14a74af2674 h1:lILoR6NZ3z+khzol8Lx8MhOBHGWnjW+cq4c+DR16BAw=
github.com/gethugothemes/hugo-modules/gzip-caching v0.0.0-20260413073804-f14a74af2674/go.mod h1:0ZMjTZVG4XLZU2/icc8Saqo4mmgMpfRTrUZU2Aa2Pwg=
github.com/gethugothemes/hugo-modules/icons/font-awesome v0.0.0-20260413073804-f14a74af2674 h1:1h2eA92VsOovWqnvlEWsrEIfwsb4ssJVsExyWrK4V9A=
github.com/gethugothemes/hugo-modules/icons/font-awesome v0.0.0-20260413073804-f14a74af2674/go.mod h1:d3gy1vQyfasPmGpau7HpQLrXbOv23PfXclSnjyOBxeU=
github.com/gethugothemes/hugo-modules/images v0.0.0-20260413073804-f14a74af2674 h1:TlDs2Zk277k4u8iF/A4KuZr3RiuAw8q9OYq16DmCXfI=
github.com/gethugothemes/hugo-modules/images v0.0.0-20260413073804-f14a74af2674/go.mod h1:FKliP3qOW9diIcQeLtyZ0Hdhg3PL8bdAkC/6O+XtU90=
github.com/gethugothemes/hugo-modules/llms-txt v0.0.0-20260413073804-f14a74af2674 h1:5Pd8W8zenZrgfUxFTTmLoCp6XtZdft+ShsuKnlxgeV0=
github.com/gethugothemes/hugo-modules/llms-txt v0.0.0-20260413073804-f14a74af2674/go.mod h1:NbshvI0tQlvBA7ZZrP8kik0M6g3b0Gr0ftEP3NV+9os=
github.com/gethugothemes/hugo-modules/modal v0.0.0-20260413073804-f14a74af2674 h1:CLcqF56boQwcIiCNyeos4ah/8Wv5spmXlO28dO1z1hw=
github.com/gethugothemes/hugo-modules/modal v0.0.0-20260413073804-f14a74af2674/go.mod h1:Eb9v7oV6biymfvjcBhQdvgn0gUGYhUtfCMeOBLFpFsk=
github.com/gethugothemes/hugo-modules/pwa v0.0.0-20260413073804-f14a74af2674 h1:tdT10sJd53doxEF6Ji2HBYroYEhAMHmvvXwADgE6Wp4=
github.com/gethugothemes/hugo-modules/pwa v0.0.0-20260413073804-f14a74af2674/go.mod h1:TRv7iszdfo37O1PbBEE+S8X/enAdpRIxK5DGrp13Qbo=
github.com/gethugothemes/hugo-modules/search v0.0.0-20260413073804-f14a74af2674 h1:IUMBqIqAJCvzl/lxC1YA6FOIEiy6ZQMTAK4S0Dmrj9M=
github.com/gethugothemes/hugo-modules/search v0.0.0-20260413073804-f14a74af2674/go.mod h1:tmDvLaZCM+QDvS/WLZXNjY1QTdWh7/68D2wIToECbyA=
github.com/gethugothemes/hugo-modules/seo-tools/basic-seo v0.0.0-20260413073804-f14a74af2674 h1:X7tJvIWHHJZwYK6N3f0i7FQtnAFoKwCdmTTIi2H7zpo=
github.com/gethugothemes/hugo-modules/seo-tools/basic-seo v0.0.0-20260413073804-f14a74af2674/go.mod h1:Q8dPgjamV7pxwKSQyWV21Xwh5CGi23/k+M8HPTphYbs=
github.com/gethugothemes/hugo-modules/seo-tools/google-tag-manager v0.0.0-20260413073804-f14a74af2674 h1:YU4I94DuIUS2TGTjQqXT+L/I95os1kVZHJOOgce8Rrg=
github.com/gethugothemes/hugo-modules/seo-tools/google-tag-manager v0.0.0-20260413073804-f14a74af2674/go.mod h1:cCq50yd55eFTrpqOfeyOK5X0hU5E7qxsqOD7IzTsgLA=
github.com/gethugothemes/hugo-modules/seo-tools/site-verifications v0.0.0-20260413073804-f14a74af2674 h1:QRN8HcYeohbxJqLfykdeFOvr4NhcGrvHw7UlSqgKtlA=
github.com/gethugothemes/hugo-modules/seo-tools/site-verifications v0.0.0-20260413073804-f14a74af2674/go.mod h1:iXielaya126qJscz7Bc2G2WB91moloQOoWru6UoBUyE=
github.com/gethugothemes/hugo-modules/shortcodes/button v0.0.0-20260413073804-f14a74af2674 h1:PqxCFCpXvpJKIT+33oQUAHcQVW5WVtp9buUyK14TOoU=
github.com/gethugothemes/hugo-modules/shortcodes/button v0.0.0-20260413073804-f14a74af2674/go.mod h1:MSvxGvjvcGUKTs6YMATU/9kYFrzW+VSVdy4CCOQLdsY=
github.com/gethugothemes/hugo-modules/shortcodes/mermaid v0.0.0-20260413073804-f14a74af2674 h1:SLn8QRfzg5rkFMo28hQcYsb7MPd6m9auaIjLQB/PTcM=
github.com/gethugothemes/hugo-modules/shortcodes/mermaid v0.0.0-20260413073804-f14a74af2674/go.mod h1:q9NMwIt4U1lkYwC/S3tAp6fCIA8jJAsZ2ToDTYq2GvE=
github.com/gethugothemes/hugo-modules/shortcodes/notice v0.0.0-20260413073804-f14a74af2674 h1:MAdCVtalVVTHB4l43sM+F0/n+Z9/dAE57dMXYaWvQiU=
github.com/gethugothemes/hugo-modules/shortcodes/notice v0.0.0-20260413073804-f14a74af2674/go.mod h1:ljWyMJx82WA+6SlKjbGFhEdxcriyvUTCjXkJHDa4lho=
github.com/gethugothemes/hugo-modules/tab v0.0.0-20260413073804-f14a74af2674 h1:4Rf6XYiNYojQsFNvBtRype+R889pyuhOym7dHD56R1w=
github.com/gethugothemes/hugo-modules/tab v0.0.0-20260413073804-f14a74af2674/go.mod h1:h3UxlxrFoU19JldxWLPBKaTZFe3AJtABrqo1wfxr+Ng=
github.com/gethugothemes/hugo-modules/table-of-contents v0.0.0-20260413073804-f14a74af2674 h1:CB1/WG7WZ5tZgkmc1LcBCLrV1ilgS3xDenb2bDFsv1g=
github.com/gethugothemes/hugo-modules/table-of-contents v0.0.0-20260413073804-f14a74af2674/go.mod h1:bEDw4veccQQQYEdVrfu13ATRUWfW8ptDIjJZuhYh4Tw=
github.com/gethugothemes/hugo-modules/videos v0.0.0-20260413073804-f14a74af2674 h1:5SUG6biq0Rnw0l9NmrLswIuxP8CKVHTKQ7nfARkcPBo=
github.com/gethugothemes/hugo-modules/videos v0.0.0-20260413073804-f14a74af2674/go.mod h1:P722lLWdnNhdZVq6gvMrOLqECUwrAYQWaOWlChta5H0=
